# THIS IS AN AUTOGENERATED FILE. DO NOT EDIT THIS FILE DIRECTLY.
# yarn lockfile v1


"@discordjs/builders@^0.5.0":
  version "0.5.0"
  resolved "https://registry.nlark.com/@discordjs/builders/download/@discordjs/builders-0.5.0.tgz#646cbea9cc67f68639e6fb70ed1278b26dacdb14"
  integrity sha1-ZGy+qcxn9oY55vtw7RJ4sm2s2xQ=
  dependencies:
    "@sindresorhus/is" "^4.0.1"
    discord-api-types "^0.22.0"
    ow "^0.27.0"
    ts-mixer "^6.0.0"
    tslib "^2.3.0"

"@discordjs/collection@^0.2.1":
  version "0.2.1"
  resolved "https://registry.nlark.com/@discordjs/collection/download/@discordjs/collection-0.2.1.tgz#ea4bc7b41b7b7b6daa82e439141222ec95c469b2"
  integrity sha1-6kvHtBt7e22qguQ5FBIi7JXEabI=

"@discordjs/form-data@^3.0.1":
  version "3.0.1"
  resolved "https://registry.nlark.com/@discordjs/form-data/download/@discordjs/form-data-3.0.1.tgz#5c9e6be992e2e57d0dfa0e39979a850225fb4697"
  integrity sha1-XJ5r6ZLi5X0N+g45l5qFAiX7Rpc=
  dependencies:
    asynckit "^0.4.0"
    combined-stream "^1.0.8"
    mime-types "^2.1.12"

"@sapphire/async-queue@^1.1.4":
  version "1.1.4"
  resolved "https://registry.nlark.com/@sapphire/async-queue/download/@sapphire/async-queue-1.1.4.tgz#ae431310917a8880961cebe8e59df6ffa40f2957"
  integrity sha1-rkMTEJF6iICWHOvo5Z32/6QPKVc=

"@sindresorhus/is@^4.0.1":
  version "4.0.1"
  resolved "https://registry.nlark.com/@sindresorhus/is/download/@sindresorhus/is-4.0.1.tgz#d26729db850fa327b7cacc5522252194404226f5"
  integrity sha1-0mcp24UPoye3ysxVIiUhlEBCJvU=

"@types/node@*":
  version "16.7.11"
  resolved "https://registry.nlark.com/@types/node/download/@types/node-16.7.11.tgz?cache=0&other_urls=https%3A%2F%2Fregistry.nlark.com%2F%40types%2Fnode%2Fdownload%2F%40types%2Fnode-16.7.11.tgz#5877b3ab359af251fd413517be2d4265b7fea9a9"
  integrity sha1-WHezqzWa8lH9QTUXvi1CZbf+qak=

"@types/ws@^7.4.7":
  version "7.4.7"
  resolved "https://registry.nlark.com/@types/ws/download/@types/ws-7.4.7.tgz#f7c390a36f7a0679aa69de2d501319f4f8d9b702"
  integrity sha1-98OQo296Bnmqad4tUBMZ9PjZtwI=
  dependencies:
    "@types/node" "*"

asynckit@^0.4.0:
  version "0.4.0"
  resolved "https://registry.nlark.com/asynckit/download/asynckit-0.4.0.tgz#c79ed97f7f34cb8f2ba1bc9790bcc366474b4b79"
  integrity sha1-x57Zf380y48robyXkLzDZkdLS3k=

callsites@^3.1.0:
  version "3.1.0"
  resolved "https://registry.nlark.com/callsites/download/callsites-3.1.0.tgz?cache=0&sync_timestamp=1628464722297&other_urls=https%3A%2F%2Fregistry.nlark.com%2Fcallsites%2Fdownload%2Fcallsites-3.1.0.tgz#b3630abd8943432f54b3f0519238e33cd7df2f73"
  integrity sha1-s2MKvYlDQy9Us/BRkjjjPNffL3M=

combined-stream@^1.0.8:
  version "1.0.8"
  resolved "https://registry.nlark.com/combined-stream/download/combined-stream-1.0.8.tgz#c3d45a8b34fd730631a110a8a2520682b31d5a7f"
  integrity sha1-w9RaizT9cwYxoRCoolIGgrMdWn8=
  dependencies:
    delayed-stream "~1.0.0"

delayed-stream@~1.0.0:
  version "1.0.0"
  resolved "https://registry.npm.taobao.org/delayed-stream/download/delayed-stream-1.0.0.tgz#df3ae199acadfb7d440aaae0b29e2272b24ec619"
  integrity sha1-3zrhmayt+31ECqrgsp4icrJOxhk=

discord-api-types@^0.22.0:
  version "0.22.0"
  resolved "https://registry.nlark.com/discord-api-types/download/discord-api-types-0.22.0.tgz#34dc57fe8e016e5eaac5e393646cd42a7e1ccc2a"
  integrity sha1-NNxX/o4Bbl6qxeOTZGzUKn4czCo=

discord.js@^13.1.0:
  version "13.1.0"
  resolved "https://registry.nlark.com/discord.js/download/discord.js-13.1.0.tgz#99f6a2a8be88d31906ff0148e9b1cb603ebb2e2e"
  integrity sha1-mfaiqL6I0xkG/wFI6bHLYD67Li4=
  dependencies:
    "@discordjs/builders" "^0.5.0"
    "@discordjs/collection" "^0.2.1"
    "@discordjs/form-data" "^3.0.1"
    "@sapphire/async-queue" "^1.1.4"
    "@types/ws" "^7.4.7"
    discord-api-types "^0.22.0"
    node-fetch "^2.6.1"
    ws "^7.5.1"

dot-prop@^6.0.1:
  version "6.0.1"
  resolved "https://registry.nlark.com/dot-prop/download/dot-prop-6.0.1.tgz#fc26b3cf142b9e59b74dbd39ed66ce620c681083"
  integrity sha1-/CazzxQrnlm3Tb057WbOYgxoEIM=
  dependencies:
    is-obj "^2.0.0"

is-obj@^2.0.0:
  version "2.0.0"
  resolved "https://registry.npm.taobao.org/is-obj/download/is-obj-2.0.0.tgz?cache=0&sync_timestamp=1618600919478&other_urls=https%3A%2F%2Fregistry.npm.taobao.org%2Fis-obj%2Fdownload%2Fis-obj-2.0.0.tgz#473fb05d973705e3fd9620545018ca8e22ef4982"
  integrity sha1-Rz+wXZc3BeP9liBUUBjKjiLvSYI=

lodash.isequal@^4.5.0:
  version "4.5.0"
  resolved "https://registry.npm.taobao.org/lodash.isequal/download/lodash.isequal-4.5.0.tgz#415c4478f2bcc30120c22ce10ed3226f7d3e18e0"
  integrity sha1-QVxEePK8wwEgwizhDtMib30+GOA=

mime-db@1.49.0:
  version "1.49.0"
  resolved "https://registry.nlark.com/mime-db/download/mime-db-1.49.0.tgz#f3dfde60c99e9cf3bc9701d687778f537001cbed"
  integrity sha1-89/eYMmenPO8lwHWh3ePU3ABy+0=

mime-types@^2.1.12:
  version "2.1.32"
  resolved "https://registry.nlark.com/mime-types/download/mime-types-2.1.32.tgz?cache=0&sync_timestamp=1627407819001&other_urls=https%3A%2F%2Fregistry.nlark.com%2Fmime-types%2Fdownload%2Fmime-types-2.1.32.tgz#1d00e89e7de7fe02008db61001d9e02852670fd5"
  integrity sha1-HQDonn3n/gIAjbYQAdngKFJnD9U=
  dependencies:
    mime-db "1.49.0"

node-fetch@^2.6.1:
  version "2.6.2"
  resolved "https://registry.nlark.com/node-fetch/download/node-fetch-2.6.2.tgz?cache=0&sync_timestamp=1630934725619&other_urls=https%3A%2F%2Fregistry.nlark.com%2Fnode-fetch%2Fdownload%2Fnode-fetch-2.6.2.tgz#986996818b73785e47b1965cc34eb093a1d464d0"
  integrity sha1-mGmWgYtzeF5HsZZcw06wk6HUZNA=

ow@^0.27.0:
  version "0.27.0"
  resolved "https://registry.nlark.com/ow/download/ow-0.27.0.tgz#d44da088e8184fa11de64b5813206f9f86ab68d0"
  integrity sha1-1E2giOgYT6Ed5ktYEyBvn4araNA=
  dependencies:
    "@sindresorhus/is" "^4.0.1"
    callsites "^3.1.0"
    dot-prop "^6.0.1"
    lodash.isequal "^4.5.0"
    type-fest "^1.2.1"
    vali-date "^1.0.0"

ts-mixer@^6.0.0:
  version "6.0.0"
  resolved "https://registry.nlark.com/ts-mixer/download/ts-mixer-6.0.0.tgz#4e631d3a36e3fa9521b973b132e8353bc7267f9f"
  integrity sha1-TmMdOjbj+pUhuXOxMug1O8cmf58=

tslib@^2.3.0:
  version "2.3.1"
  resolved "https://registry.nlark.com/tslib/download/tslib-2.3.1.tgz?cache=0&sync_timestamp=1628722556410&other_urls=https%3A%2F%2Fregistry.nlark.com%2Ftslib%2Fdownload%2Ftslib-2.3.1.tgz#e8a335add5ceae51aa261d32a490158ef042ef01"
  integrity sha1-6KM1rdXOrlGqJh0ypJAVjvBC7wE=

type-fest@^1.2.1:
  version "1.4.0"
  resolved "https://registry.nlark.com/type-fest/download/type-fest-1.4.0.tgz?cache=0&sync_timestamp=1630842470843&other_urls=https%3A%2F%2Fregistry.nlark.com%2Ftype-fest%2Fdownload%2Ftype-fest-1.4.0.tgz#e9fb813fe3bf1744ec359d55d1affefa76f14be1"
  integrity sha1-6fuBP+O/F0TsNZ1V0a/++nbxS+E=

vali-date@^1.0.0:
  version "1.0.0"
  resolved "https://registry.npm.taobao.org/vali-date/download/vali-date-1.0.0.tgz#1b904a59609fb328ef078138420934f6b86709a6"
  integrity sha1-G5BKWWCfsyjvB4E4Qgk09rhnCaY=

ws@^7.5.1:
  version "7.5.4"
  resolved "https://registry.nlark.com/ws/download/ws-7.5.4.tgz?cache=0&sync_timestamp=1630167206236&other_urls=https%3A%2F%2Fregistry.nlark.com%2Fws%2Fdownload%2Fws-7.5.4.tgz#56bfa20b167427e138a7795de68d134fe92e21f9"
  integrity sha1-Vr+iCxZ0J+E4p3ld5o0TT+kuIfk=
